
Microsoft Visual Studio Solution File, Format Version 12.00
# Visual Studio Version 16
VisualStudioVersion = 16.0.30204.135
MinimumVisualStudioVersion = 10.0.40219.1
Project("{9A19103F-16F7-4668-BE54-9A1E7A4F7556}") = "DropDownExaple", "DropDownExaple.csproj", "{7F979744-4CE2-43E0-BBFC-DF41BD3B65A0}"
EndProject
Global
	GlobalSection(SolutionConfigurationPlatforms) = preSolution
		Debug|Any CPU = Debug|Any CPU
		Release|Any CPU = Release|Any CPU
	EndGlobalSection
	GlobalSection(ProjectConfigurationPlatforms) = postSolution
		{7F979744-4CE2-43E0-BBFC-DF41BD3B65A0}.Debug|Any CPU.ActiveCfg = Debug|Any CPU
		{7F979744-4CE2-43E0-BBFC-DF41BD3B65A0}.Debug|Any CPU.Build.0 = Debug|Any CPU
		{7F979744-4CE2-43E0-BBFC-DF41BD3B65A0}.Release|Any CPU.ActiveCfg = Release|Any CPU
		{7F979744-4CE2-43E0-BBFC-DF41BD3B65A0}.Release|Any CPU.Build.0 = Release|Any CPU
	EndGlobalSection
	GlobalSection(SolutionProperties) = preSolution
		HideSolutionNode = FALSE
	EndGlobalSection
	GlobalSection(ExtensibilityGlobals) = postSolution
		SolutionGuid = {6810B909-4ABB-43C2-B60D-3A90B6FD6EA6}
	EndGlobalSection
EndGlobal
